
Microsoft Visual Studio Solution File, Format Version 12.00
# Visual Studio Version 16
VisualStudioVersion = 16.0.30711.63
MinimumVisualStudioVersion = 10.0.40219.1
Project("{FAE04EC0-301F-11D3-BF4B-00C04F79EFBC}") = "CleverBit.API", "CleverBit.API\CleverBit.API.csproj", "{AB97B514-9E6F-479B-B970-49DEE1B15F5B}"
EndProject
Project("{FAE04EC0-301F-11D3-BF4B-00C04F79EFBC}") = "CleverBit.Core", "CleverBit.Core\CleverBit.Core.csproj", "{C6458F69-073C-4DFF-A556-76D40B80C7FB}"
EndProject
Global
	GlobalSection(SolutionConfigurationPlatforms) = preSolution
		Debug|Any CPU = Debug|Any CPU
		Release|Any CPU = Release|Any CPU
	EndGlobalSection
	GlobalSection(ProjectConfigurationPlatforms) = postSolution
		{AB97B514-9E6F-479B-B970-49DEE1B15F5B}.Debug|Any CPU.ActiveCfg = Debug|Any CPU
		{AB97B514-9E6F-479B-B970-49DEE1B15F5B}.Debug|Any CPU.Build.0 = Debug|Any CPU
		{AB97B514-9E6F-479B-B970-49DEE1B15F5B}.Release|Any CPU.ActiveCfg = Release|Any CPU
		{AB97B514-9E6F-479B-B970-49DEE1B15F5B}.Release|Any CPU.Build.0 = Release|Any CPU
		{C6458F69-073C-4DFF-A556-76D40B80C7FB}.Debug|Any CPU.ActiveCfg = Debug|Any CPU
		{C6458F69-073C-4DFF-A556-76D40B80C7FB}.Debug|Any CPU.Build.0 = Debug|Any CPU
		{C6458F69-073C-4DFF-A556-76D40B80C7FB}.Release|Any CPU.ActiveCfg = Release|Any CPU
		{C6458F69-073C-4DFF-A556-76D40B80C7FB}.Release|Any CPU.Build.0 = Release|Any CPU
	EndGlobalSection
	GlobalSection(SolutionProperties) = preSolution
		HideSolutionNode = FALSE
	EndGlobalSection
	GlobalSection(ExtensibilityGlobals) = postSolution
		SolutionGuid = {2A7E45F4-2A12-40C3-9826-C72CAFE49151}
	EndGlobalSection
EndGlobal
